
Microsoft Visual Studio Solution File, Format Version 12.00
# Visual Studio 14
VisualStudioVersion = 14.0.25420.1
MinimumVisualStudioVersion = 10.0.40219.1
Project("{FAE04EC0-301F-11D3-BF4B-00C04F79EFBC}") = "ComplexPlane", "ComplexPlane\ComplexPlane.csproj", "{619A30D9-CB8F-40D9-ACC8-F5621611262C}"
EndProject
Global
	GlobalSection(SolutionConfigurationPlatforms) = preSolution
		Debug|Any CPU = Debug|Any CPU
		Release|Any CPU = Release|Any CPU
	EndGlobalSection
	GlobalSection(ProjectConfigurationPlatforms) = postSolution
		{619A30D9-CB8F-40D9-ACC8-F5621611262C}.Debug|Any CPU.ActiveCfg = Debug|Any CPU
		{619A30D9-CB8F-40D9-ACC8-F5621611262C}.Debug|Any CPU.Build.0 = Debug|Any CPU
		{619A30D9-CB8F-40D9-ACC8-F5621611262C}.Release|Any CPU.ActiveCfg = Release|Any CPU
		{619A30D9-CB8F-40D9-ACC8-F5621611262C}.Release|Any CPU.Build.0 = Release|Any CPU
	EndGlobalSection
	GlobalSection(SolutionProperties) = preSolution
		HideSolutionNode = FALSE
	EndGlobalSection
EndGlobal
